
Microsoft Visual Studio Solution File, Format Version 12.00
# Visual Studio Version 16
VisualStudioVersion = 16.0.30002.166
MinimumVisualStudioVersion = 10.0.40219.1
Project("{FAE04EC0-301F-11D3-BF4B-00C04F79EFBC}") = "TARpv19", "TARpv19\TARpv19.csproj", "{C71DC39D-9D93-42B6-8719-FB85EBCBDBDE}"
EndProject
Global
	GlobalSection(SolutionConfigurationPlatforms) = preSolution
		Debug|Any CPU = Debug|Any CPU
		Release|Any CPU = Release|Any CPU
	EndGlobalSection
	GlobalSection(ProjectConfigurationPlatforms) = postSolution
		{C71DC39D-9D93-42B6-8719-FB85EBCBDBDE}.Debug|Any CPU.ActiveCfg = Debug|Any CPU
		{C71DC39D-9D93-42B6-8719-FB85EBCBDBDE}.Debug|Any CPU.Build.0 = Debug|Any CPU
		{C71DC39D-9D93-42B6-8719-FB85EBCBDBDE}.Release|Any CPU.ActiveCfg = Release|Any CPU
		{C71DC39D-9D93-42B6-8719-FB85EBCBDBDE}.Release|Any CPU.Build.0 = Release|Any CPU
	EndGlobalSection
	GlobalSection(SolutionProperties) = preSolution
		HideSolutionNode = FALSE
	EndGlobalSection
	GlobalSection(ExtensibilityGlobals) = postSolution
		SolutionGuid = {E1A90D27-198D-4EF7-95B6-20725A433E7D}
	EndGlobalSection
EndGlobal
